
Microsoft Visual Studio Solution File, Format Version 12.00
# Visual Studio Version 17
VisualStudioVersion = 17.4.33205.214
MinimumVisualStudioVersion = 10.0.40219.1
Project("{FAE04EC0-301F-11D3-BF4B-00C04F79EFBC}") = "Alfatec.Domain", "Alfatec.Domain\Alfatec.Domain.csproj", "{04FB0A8F-1FEC-4B0C-99EC-41C0B3F4C4B6}"
EndProject
Project("{FAE04EC0-301F-11D3-BF4B-00C04F79EFBC}") = "Alfatec.Application", "Alfatec.Application\Alfatec.Application.csproj", "{FEB186A5-F6D2-4890-881C-A06028F9859C}"
EndProject
Project("{FAE04EC0-301F-11D3-BF4B-00C04F79EFBC}") = "Alfatec.Infra.Data", "Alfatec.Infra.Data\Alfatec.Infra.Data.csproj", "{6383B561-EF13-45AF-8F16-1EB459A19749}"
EndProject
Project("{FAE04EC0-301F-11D3-BF4B-00C04F79EFBC}") = "Alfatec.Infra.IoC", "Alfatec.Infra.IoC\Alfatec.Infra.IoC.csproj", "{70801A1E-ACA4-4F01-AA53-7B5E2DA64892}"
EndProject
Project("{FAE04EC0-301F-11D3-BF4B-00C04F79EFBC}") = "Alfatec.WebUI", "Alfatec.WebUI\Alfatec.WebUI.csproj", "{2B08F1A7-C123-4D73-85F9-CC007ABB7E58}"
EndProject
Global
	GlobalSection(SolutionConfigurationPlatforms) = preSolution
		Debug|Any CPU = Debug|Any CPU
		Release|Any CPU = Release|Any CPU
	EndGlobalSection
	GlobalSection(ProjectConfigurationPlatforms) = postSolution
		{04FB0A8F-1FEC-4B0C-99EC-41C0B3F4C4B6}.Debug|Any CPU.ActiveCfg = Debug|Any CPU
		{04FB0A8F-1FEC-4B0C-99EC-41C0B3F4C4B6}.Debug|Any CPU.Build.0 = Debug|Any CPU
		{04FB0A8F-1FEC-4B0C-99EC-41C0B3F4C4B6}.Release|Any CPU.ActiveCfg = Release|Any CPU
		{04FB0A8F-1FEC-4B0C-99EC-41C0B3F4C4B6}.Release|Any CPU.Build.0 = Release|Any CPU
		{FEB186A5-F6D2-4890-881C-A06028F9859C}.Debug|Any CPU.ActiveCfg = Debug|Any CPU
		{FEB186A5-F6D2-4890-881C-A06028F9859C}.Debug|Any CPU.Build.0 = Debug|Any CPU
		{FEB186A5-F6D2-4890-881C-A06028F9859C}.Release|Any CPU.ActiveCfg = Release|Any CPU
		{FEB186A5-F6D2-4890-881C-A06028F9859C}.Release|Any CPU.Build.0 = Release|Any CPU
		{6383B561-EF13-45AF-8F16-1EB459A19749}.Debug|Any CPU.ActiveCfg = Debug|Any CPU
		{6383B561-EF13-45AF-8F16-1EB459A19749}.Debug|Any CPU.Build.0 = Debug|Any CPU
		{6383B561-EF13-45AF-8F16-1EB459A19749}.Release|Any CPU.ActiveCfg = Release|Any CPU
		{6383B561-EF13-45AF-8F16-1EB459A19749}.Release|Any CPU.Build.0 = Release|Any CPU
		{70801A1E-ACA4-4F01-AA53-7B5E2DA64892}.Debug|Any CPU.ActiveCfg = Debug|Any CPU
		{70801A1E-ACA4-4F01-AA53-7B5E2DA64892}.Debug|Any CPU.Build.0 = Debug|Any CPU
		{70801A1E-ACA4-4F01-AA53-7B5E2DA64892}.Release|Any CPU.ActiveCfg = Release|Any CPU
		{70801A1E-ACA4-4F01-AA53-7B5E2DA64892}.Release|Any CPU.Build.0 = Release|Any CPU
		{2B08F1A7-C123-4D73-85F9-CC007ABB7E58}.Debug|Any CPU.ActiveCfg = Debug|Any CPU
		{2B08F1A7-C123-4D73-85F9-CC007ABB7E58}.Debug|Any CPU.Build.0 = Debug|Any CPU
		{2B08F1A7-C123-4D73-85F9-CC007ABB7E58}.Release|Any CPU.ActiveCfg = Release|Any CPU
		{2B08F1A7-C123-4D73-85F9-CC007ABB7E58}.Release|Any CPU.Build.0 = Release|Any CPU
	EndGlobalSection
	GlobalSection(SolutionProperties) = preSolution
		HideSolutionNode = FALSE
	EndGlobalSection
	GlobalSection(ExtensibilityGlobals) = postSolution
		SolutionGuid = {BB787AE5-A163-46A7-BBAD-6B293F3D9ACA}
	EndGlobalSection
EndGlobal
